
Microsoft Visual Studio Solution File, Format Version 12.00
# Visual Studio Version 16
VisualStudioVersion = 16.0.35731.53
MinimumVisualStudioVersion = 10.0.40219.1
Project("{FAE04EC0-301F-11D3-BF4B-00C04F79EFBC}") = "T5", "T5\T5.csproj", "{2FD21758-0E0B-41E0-BDA8-95F43145466B}"
EndProject
Global
	GlobalSection(SolutionConfigurationPlatforms) = preSolution
		Debug|Any CPU = Debug|Any CPU
		Release|Any CPU = Release|Any CPU
	EndGlobalSection
	GlobalSection(ProjectConfigurationPlatforms) = postSolution
		{2FD21758-0E0B-41E0-BDA8-95F43145466B}.Debug|Any CPU.ActiveCfg = Debug|Any CPU
		{2FD21758-0E0B-41E0-BDA8-95F43145466B}.Debug|Any CPU.Build.0 = Debug|Any CPU
		{2FD21758-0E0B-41E0-BDA8-95F43145466B}.Release|Any CPU.ActiveCfg = Release|Any CPU
		{2FD21758-0E0B-41E0-BDA8-95F43145466B}.Release|Any CPU.Build.0 = Release|Any CPU
	EndGlobalSection
	GlobalSection(SolutionProperties) = preSolution
		HideSolutionNode = FALSE
	EndGlobalSection
	GlobalSection(ExtensibilityGlobals) = postSolution
		SolutionGuid = {949865F4-6588-433B-B348-3740573618CE}
	EndGlobalSection
EndGlobal
